
Microsoft Visual Studio Solution File, Format Version 12.00
# Visual Studio Version 17
VisualStudioVersion = 17.2.32526.322
MinimumVisualStudioVersion = 10.0.40219.1
Project("{FAE04EC0-301F-11D3-BF4B-00C04F79EFBC}") = "GroceryApi", "GroceryApi\GroceryApi.csproj", "{7E45FBE3-205F-4E05-990F-1E9371D5C3FA}"
EndProject
Global
	GlobalSection(SolutionConfigurationPlatforms) = preSolution
		Debug|Any CPU = Debug|Any CPU
		Release|Any CPU = Release|Any CPU
	EndGlobalSection
	GlobalSection(ProjectConfigurationPlatforms) = postSolution
		{7E45FBE3-205F-4E05-990F-1E9371D5C3FA}.Debug|Any CPU.ActiveCfg = Debug|Any CPU
		{7E45FBE3-205F-4E05-990F-1E9371D5C3FA}.Debug|Any CPU.Build.0 = Debug|Any CPU
		{7E45FBE3-205F-4E05-990F-1E9371D5C3FA}.Release|Any CPU.ActiveCfg = Release|Any CPU
		{7E45FBE3-205F-4E05-990F-1E9371D5C3FA}.Release|Any CPU.Build.0 = Release|Any CPU
	EndGlobalSection
	GlobalSection(SolutionProperties) = preSolution
		HideSolutionNode = FALSE
	EndGlobalSection
	GlobalSection(ExtensibilityGlobals) = postSolution
		SolutionGuid = {C82A8258-AB96-4858-8815-33ADB7494EB4}
	EndGlobalSection
EndGlobal
